
Microsoft Visual Studio Solution File, Format Version 12.00
# Visual Studio 15
VisualStudioVersion = 15.0.28307.645
MinimumVisualStudioVersion = 10.0.40219.1
Project("{FAE04EC0-301F-11D3-BF4B-00C04F79EFBC}") = "日常生活表現預警表", "日常生活表現預警表\日常生活表現預警表.csproj", "{27C4FA52-087C-4B50-AD5B-9508B3928BE8}"
EndProject
Global
	GlobalSection(SolutionConfigurationPlatforms) = preSolution
		Debug|Any CPU = Debug|Any CPU
		Release|Any CPU = Release|Any CPU
	EndGlobalSection
	GlobalSection(ProjectConfigurationPlatforms) = postSolution
		{27C4FA52-087C-4B50-AD5B-9508B3928BE8}.Debug|Any CPU.ActiveCfg = Debug|Any CPU
		{27C4FA52-087C-4B50-AD5B-9508B3928BE8}.Debug|Any CPU.Build.0 = Debug|Any CPU
		{27C4FA52-087C-4B50-AD5B-9508B3928BE8}.Release|Any CPU.ActiveCfg = Release|Any CPU
		{27C4FA52-087C-4B50-AD5B-9508B3928BE8}.Release|Any CPU.Build.0 = Release|Any CPU
	EndGlobalSection
	GlobalSection(SolutionProperties) = preSolution
		HideSolutionNode = FALSE
	EndGlobalSection
	GlobalSection(ExtensibilityGlobals) = postSolution
		SolutionGuid = {A149B4A4-EB68-4510-80B4-A76166F2523F}
	EndGlobalSection
EndGlobal
